# This file is autogenerated, do not edit; changes may be undone by the next 'dep ensure'.


[[projects]]
  name = "github.com/ChinmayR/deptestglideA"
  version = "v0.4.0"
  revision = "703f28fdee407d70dcc4cb774a0fbb82fa70daa9"
  packages = ["."]

[[projects]]
  name = "github.com/ChinmayR/deptestglideB"
  version = "v0.3.0"
  revision = "7f8abdec9e29a008d40cfcbb0848b82cc4000d25"
  packages = ["."]

[[projects]]
  name = "github.com/ChinmayR/deptestglideC"
  version = "v0.1.0"
  revision = "4d3546304e8a1ceb6bb01e7e6201e852abb8ae4d"
  packages = ["."]

[solve-meta]
  analyzer-name = "dep"
  analyzer-version = 1
  inputs-digest = "1b381263a360eafafe3ef7f9be626672668d17250a3c9a8debd169d1b5e2eebb"
  solver-name = "gps-cdcl"
  solver-version = 1
